# This file is automatically @generated by Poetry 2.4.1 and should not be changed by hand.

[[package]]
name = "backports-zstd"
version = "1.7.0"
description = "Backport of compression.zstd"
optional = false
python-versions = "<3.14,>=3.10"
groups = ["main"]
markers = "python_version < \"3.14\""
files = [
    {file = "backports_zstd-1.7.0-cp310-cp310-macosx_10_9_x86_64.whl", hash = "sha256:2c4f557bd8579d38316344c205b2a540e84b1014fb3721205eb6c3eb5322e9d9"},
    {file = "backports_zstd-1.7.0-cp310-cp310-macosx_11_0_arm64.whl", hash = "sha256:68ee21f0efa3f06d3d3cbb5f291c177497fc550ebef732b0a38599de8db1ee32"},
    {file = "backports_zstd-1.7.0-cp310-cp310-manylinux2010_i686.manylinux_2_12_i686.manylinux_2_28_i686.whl", hash = "sha256:beb8d6cf5ab3c27cca3a5fdcfeeb228885083d606f0709ffc0a698aabc4f13ee"},
    {file = "backports_zstd-1.7.0-cp310-cp310-manylinux2014_aarch64.manylinux_2_17_aarch64.manylinux_2_28_aarch64.whl", hash = "sha256:09f1ecac082932870df519818e88eb938a03573245f629e34979141583112123"},
    {file = "backports_zstd-1.7.0-cp310-cp310-manylinux2014_ppc64le.manylinux_2_17_ppc64le.manylinux_2_28_ppc64le.whl", hash = "sha256:a0469fbe83c85f5a1fb83657242477ed612d4d4d3c000b67f8a67bc839115b09"},
    {file = "backports_zstd-1.7.0-cp310-cp310-manylinux2014_s390x.manylinux_2_17_s390x.manylinux_2_28_s390x.whl", hash = "sha256:3e0f53a23a40d25236aab6e0e817f2cbbf27e6f8fe976fedaa6b9ee53fc809b9"},
    {file = "backports_zstd-1.7.0-cp310-cp310-manylinux2014_x86_64.manylinux_2_17_x86_64.manylinux_2_28_x86_64.whl", hash = "sha256:0b7929cbaff68c124d2366d803dc654347f37637a3df73a2a0a8f2dbee4819cc"},
    {file = "backports_zstd-1.7.0-cp310-cp310-manylinux_2_34_riscv64.manylinux_2_39_riscv64.whl", hash = "sha256:e4108fa7b126fb4b08853670bb32c4a812aab355b8264aa1a27b7bb724ae6ce0"},
    {file = "backports_zstd-1.7.0-cp310-cp310-musllinux_1_2_aarch64.whl", hash = "sha256:1a868cff3de171b4961acd9fcf9e843cc966783aa0b2bdfdba876ec20023e24f"},
    {file = "backports_zstd-1.7.0-cp310-cp310-musllinux_1_2_i686.whl", hash = "sha256:e833fb85673c0a8c880dc3f759c87726680f953492e9275f666fcbfd127c6e8e"},
    {file = "backports_zstd-1.7.0-cp310-cp310-musllinux_1_2_ppc64le.whl", hash = "sha256:3c32951fe1ae22f6f059d3c02cfdc21155cee83be456c424d955bf493ba2a9dc"},
    {file = "backports_zstd-1.7.0-cp310-cp310-musllinux_1_2_riscv64.whl", hash = "sha256:d312ff5018199e1f889ca470a98361feaf2d194f82091cbbd366bb539e7c3583"},
    {file = "backports_zstd-1.7.0-cp310-cp310-musllinux_1_2_s390x.whl", hash = "sha256:a43e03d7769a06b5ccf4cad5fcf4b3e690b1b36476632d3e1bc923e12579963f"},
    {file = "backports_zstd-1.7.0-cp310-cp310-musllinux_1_2_x86_64.whl", hash = "sha256:ff08fbdf4090c8075bcc0f3ffccf3098e4fd6a0d9a4c5c2078398ea5bb2ddd1f"},
    {file = "backports_zstd-1.7.0-cp310-cp310-win32.whl", hash = "sha256:e9e7bf426a21772b3ac1fe5c967678063d7bfcb58d2f559b98bf4c9c6c52f95f"},
    {file = "backports_zstd-1.7.0-cp310-cp310-win_amd64.whl", hash = "sha256:02c4458f25f884131c59d54549a3bdfd649ca3384f1dd15204762171d9e24739"},
    {file = "backports_zstd-1.7.0-cp310-cp310-win_arm64.whl", hash = "sha256:db2fb308ca3669e2913e66aae9173d9a9d5c448caaa2f1bdd12efbfe480f0fde"},
    {file = "backports_zstd-1.7.0-cp311-cp311-macosx_10_9_x86_64.whl", hash = "sha256:165a8898c5514b69533edf4ab1f4f4b4bacc62a137a76f36889b473150ec28a5"},
    {file = "backports_zstd-1.7.0-cp311-cp311-macosx_11_0_arm64.whl", hash = "sha256:700ebb797956767679dbca38e45eaa5c21630e460e31ef53bb4b849125bb5d87"},
    {file = "backports_zstd-1.7.0-cp311-cp311-manylinux2010_i686.manylinux_2_12_i686.manylinux_2_28_i686.whl", hash = "sha256:47f14a24428a2bc070e26c402f8d6d25676345c32fa116b16b60167a2925df2a"},
    {file = "backports_zstd-1.7.0-cp311-cp311-manylinux2014_aarch64.manylinux_2_17_aarch64.manylinux_2_28_aarch64.whl", hash = "sha256:c358e72e5ff8f23e9f3ec778be4d67ddc5ced3e6d8f03521db29d7357a773fc3"},
    {file = "backports_zstd-1.7.0-cp311-cp311-manylinux2014_ppc64le.manylinux_2_17_ppc64le.manylinux_2_28_ppc64le.whl", hash = "sha256:6c8c183027eae38f5b0643d153f7f91e569d22ee8db25639aea0745677a38ed8"},
    {file = "backports_zstd-1.7.0-cp311-cp311-manylinux2014_s390x.manylinux_2_17_s390x.manylinux_2_28_s390x.whl", hash = "sha256:5d8493f71d9c5c05d18554afc6bb9a319a6674478e8f3042c7e22900c3a06f4d"},
    {file = "backports_zstd-1.7.0-cp311-cp311-manylinux2014_x86_64.manylinux_2_17_x86_64.manylinux_2_28_x86_64.whl", hash = "sha256:b2e505d8923e1e9224cf249b99c92cf728e9eb91fbd1e07a9c2816013621fad3"},
    {file = "backports_zstd-1.7.0-cp311-cp311-manylinux_2_34_riscv64.manylinux_2_39_riscv64.whl", hash = "sha256:5d1bdc293267200e31baf35aa142c6d0ac3e8cce650f79c84e6a32980dfbfd5c"},
    {file = "backports_zstd-1.7.0-cp311-cp311-musllinux_1_2_aarch64.whl", hash = "sha256:1d85c18170e8cdba339edc67a5021cf79ccc858f5fda6aeae71f9015c5e463f6"},
    {file = "backports_zstd-1.7.0-cp311-cp311-musllinux_1_2_i686.whl", hash = "sha256:96a6f8d3f4cefb6b11ebfc30fc0d970430ecfb169a6555990734a2a46977ec4b"},
    {file = "backports_zstd-1.7.0-cp311-cp311-musllinux_1_2_ppc64le.whl", hash = "sha256:c2c01cb823ed1b2422905a9791759bdc986e44e7a12b4661e9d712d5c8946016"},
    {file = "backports_zstd-1.7.0-cp311-cp311-musllinux_1_2_riscv64.whl", hash = "sha256:86785aef2b4663a97c932d829ddc9565354cc628e2ae61764d9d93c8b186d65f"},
    {file = "backports_zstd-1.7.0-cp311-cp311-musllinux_1_2_s390x.whl", hash = "sha256:633ceee3ba86f696fc4e992f7bce558c132c26d04d64d0bb8c2f5d487d5b3aee"},
    {file = "backports_zstd-1.7.0-cp311-cp311-musllinux_1_2_x86_64.whl", hash = "sha256:4a80bc6a8c9aeaad76cc3ecd58067ec038a764807186b0df970c760df39b89c7"},
    {file = "backports_zstd-1.7.0-cp311-cp311-win32.whl", hash = "sha256:1713271e2faea852a1682a6143c19c3506cd2e1b71f60a8924c59a9d2554d2b2"},
    {file = "backports_zstd-1.7.0-cp311-cp311-win_amd64.whl", hash = "sha256:ae840be71108f6020567dd389c973e70a4374a6c0b03c02d3242c8a98a9b3cdb"},
    {file = "backports_zstd-1.7.0-cp311-cp311-win_arm64.whl", hash = "sha256:8827a5601c749a986faa163f3b59d59eedc5947812be114f7132c3d4ad153fee"},
    {file = "backports_zstd-1.7.0-cp312-cp312-macosx_10_13_x86_64.whl", hash = "sha256:b5548a857bb0fcc5449cc3687353547396c6b1ecd4bd882f1cd34fa8d29e70ca"},
    {file = "backports_zstd-1.7.0-cp312-cp312-macosx_11_0_arm64.whl", hash = "sha256:bab192b934fdf5a03df4752556d9c8af2d058163fdfbafd4a253cdfe25449a6f"},
    {file = "backports_zstd-1.7.0-cp312-cp312-manylinux2010_i686.manylinux_2_12_i686.manylinux_2_28_i686.whl", hash = "sha256:8344260bed9842c415a93d9bfe23ea834e5f27758827d56933d8c0d06db507a2"},
    {file = "backports_zstd-1.7.0-cp312-cp312-manylinux2014_aarch64.manylinux_2_17_aarch64.manylinux_2_28_aarch64.whl", hash = "sha256:1c55e55e1e9dee312bc5e186386e6aa5207482a6d2242bd7c14709ded254f87f"},
    {file = "backports_zstd-1.7.0-cp312-cp312-manylinux2014_ppc64le.manylinux_2_17_ppc64le.manylinux_2_28_ppc64le.whl", hash = "sha256:cf609af3735c7e697ccd13f6b0c88da57c201b6ea63c6afbfe81d6f9b50e298c"},
    {file = "backports_zstd-1.7.0-cp312-cp312-manylinux2014_s390x.manylinux_2_17_s390x.manylinux_2_28_s390x.whl", hash = "sha256:676a37971f676830d4f90cee8fdf4e438781596fb2f2d1984ac76c9b3eb39a69"},
    {file = "backports_zstd-1.7.0-cp312-cp312-manylinux2014_x86_64.manylinux_2_17_x86_64.manylinux_2_28_x86_64.whl", hash = "sha256:470895d0bcddc850766e593d1b26764fb138c2feed149f515a2627ef9587d54c"},
    {file = "backports_zstd-1.7.0-cp312-cp312-manylinux_2_34_riscv64.manylinux_2_39_riscv64.whl", hash = "sha256:02f2f6649a342d0901ddb35596ddadb7c3bb1cf6bb54d691e5e0285f1fa0674f"},
    {file = "backports_zstd-1.7.0-cp312-cp312-musllinux_1_2_aarch64.whl", hash = "sha256:132ba81fad59d44958b7d10da31545e7128c469cfbc2e268d0eaab96daa64175"},
    {file = "backports_zstd-1.7.0-cp312-cp312-musllinux_1_2_i686.whl", hash = "sha256:a3e1c6ce0b232ee6703ed24ee126e8186107f5a4e56edbd21cd1aa5a8c6bfd12"},
    {file = "backports_zstd-1.7.0-cp312-cp312-musllinux_1_2_ppc64le.whl", hash = "sha256:d7a7cb964eb8d1bb5d039970b16fe54802ea47dc935ae96d9874844a126bf8ff"},
    {file = "backports_zstd-1.7.0-cp312-cp312-musllinux_1_2_riscv64.whl", hash = "sha256:12a9842a2ec2854cbec7f252ab29d44c2b772788a9bbafded743ca4bf73b115f"},
    {file = "backports_zstd-1.7.0-cp312-cp312-musllinux_1_2_s390x.whl", hash = "sha256:138154eea8ced84394991bf0e819dba6b690306a178dd528c28eee724b7d4aec"},
    {file = "backports_zstd-1.7.0-cp312-cp312-musllinux_1_2_x86_64.whl", hash = "sha256:468b636ed365627b364c94be1c35a52858e13b5bc1fa3f068bbc71b1af65f3d7"},
    {file = "backports_zstd-1.7.0-cp312-cp312-win32.whl", hash = "sha256:f026fe2e89b7ff01ba6ebec6abaff34c6063919151a32afb68714cf139e17c50"},
    {file = "backports_zstd-1.7.0-cp312-cp312-win_amd64.whl", hash = "sha256:2ea62ba2f1a6e6c9e6dc108921f9ae881969ca72e073162fa488d0de3eb2713f"},
    {file = "backports_zstd-1.7.0-cp312-cp312-win_arm64.whl", hash = "sha256:cefb983345c55ccaa20423a4eb96434730e6d640ffa2db9b60e5bedb0fbef94e"},
    {file = "backports_zstd-1.7.0-cp313-cp313-android_24_arm64_v8a.whl", hash = "sha256:a3fbcbf819bee2b06b8666b13742098d0f40663ee34e64a12bc360ec0f5e3d89"},
    {file = "backports_zstd-1.7.0-cp313-cp313-android_24_x86_64.whl", hash = "sha256:efee02f18e04c2e9e6d694c5cf9b7457c4bda3ea96f48b1ee69769e06bb9d89f"},
    {file = "backports_zstd-1.7.0-cp313-cp313-ios_13_0_arm64_iphoneos.whl", hash = "sha256:ecc95fa0e91d92951d74468e7789afdf91d9e702f40af2d0fcbf0ded4d0f650a"},
    {file = "backports_zstd-1.7.0-cp313-cp313-ios_13_0_arm64_iphonesimulator.whl", hash = "sha256:34154d82fc0246738159084d146401073f9ac9cfd755b66bb8853ca06037810c"},
    {file = "backports_zstd-1.7.0-cp313-cp313-ios_13_0_x86_64_iphonesimulator.whl", hash = "sha256:44b687b1c0be5cb279693d2682f91ff84c559d679b2ef2fbe501fe4b2db2c4bb"},
    {file = "backports_zstd-1.7.0-cp313-cp313-macosx_10_13_x86_64.whl", hash = "sha256:dcdbd368659f46b570114eeea36b75347716523870d71f6bc5d7801862aefd6e"},
    {file = "backports_zstd-1.7.0-cp313-cp313-macosx_11_0_arm64.whl", hash = "sha256:eda97fa535d4651a4ccdeed4ee7dde3978369046abc8a7456a7117d4271f9333"},
    {file = "backports_zstd-1.7.0-cp313-cp313-manylinux2010_i686.manylinux_2_12_i686.manylinux_2_28_i686.whl", hash = "sha256:7e3999b5141d7f85171822d06112f70f7f317d162f0120530dd2c7a28dbf8add"},
    {file = "backports_zstd-1.7.0-cp313-cp313-manylinux2014_aarch64.manylinux_2_17_aarch64.manylinux_2_28_aarch64.whl", hash = "sha256:69367726f4075c2574746f5883b0dc045805c5b02a81fdf8c829c26d33969de3"},
    {file = "backports_zstd-1.7.0-cp313-cp313-manylinux2014_ppc64le.manylinux_2_17_ppc64le.manylinux_2_28_ppc64le.whl", hash = "sha256:15e97edfd173ade365c01bac7d9d297fa906686015cdbcb5f32a0d410887826b"},
    {file = "backports_zstd-1.7.0-cp313-cp313-manylinux2014_s390x.manylinux_2_17_s390x.manylinux_2_28_s390x.whl", hash = "sha256:32a94cdcf16b44395cd55086ea38877395ca6bf3362cb507b0eb86db2a45a6a4"},
    {file = "backports_zstd-1.7.0-cp313-cp313-manylinux2014_x86_64.manylinux_2_17_x86_64.manylinux_2_28_x86_64.whl", hash = "sha256:f3f4887a8a1fd1290017fe5a1d29a7d1dc5c57f9477fbd64f119316a7e3ae769"},
    {file = "backports_zstd-1.7.0-cp313-cp313-manylinux_2_34_riscv64.manylinux_2_39_riscv64.whl", hash = "sha256:e590313ce156f1d8986dff3107e8ed1651d6d106a56b3a95f965ff8d845ba979"},
    {file = "backports_zstd-1.7.0-cp313-cp313-musllinux_1_2_aarch64.whl", hash = "sha256:565270b0d6497970fa97a0df59593ae0d225e4176678bbce851d39e5f8aa422b"},
    {file = "backports_zstd-1.7.0-cp313-cp313-musllinux_1_2_i686.whl", hash = "sha256:37ef23c6c522fe935726c8fba6344350973c4a23b06d10194d90d0868b09ff7a"},
    {file = "backports_zstd-1.7.0-cp313-cp313-musllinux_1_2_ppc64le.whl", hash = "sha256:b3975330159f1efdd1fba76afe1c7b84f66f26e2bf209b32630fb148d647e0d5"},
    {file = "backports_zstd-1.7.0-cp313-cp313-musllinux_1_2_riscv64.whl", hash = "sha256:b40bc8cd0a86cbbe8263a9c3a2bf2e34897483516c6d799725412a19524c32e3"},
    {file = "backports_zstd-1.7.0-cp313-cp313-musllinux_1_2_s390x.whl", hash = "sha256:f37e12ef10747f76901b1f20ef70d33221e861de177dba5ba08552242c6fd4bd"},
    {file = "backports_zstd-1.7.0-cp313-cp313-musllinux_1_2_x86_64.whl", hash = "sha256:5992143b2a8b71b4d17afed20cce2df50f8718228e31d6e716493b1fe9201712"},
    {file = "backports_zstd-1.7.0-cp313-cp313-win32.whl", hash = "sha256:31ae30d216ffae9243dfa607bcb995f94a70de5765bb8fae1e35ea1ad6497959"},
    {file = "backports_zstd-1.7.0-cp313-cp313-win_amd64.whl", hash = "sha256:8086b4a7443bb2863f7ef8edb317b715d5f3ccec6c5512619bd23d57661ba1b7"},
    {file = "backports_zstd-1.7.0-cp313-cp313-win_arm64.whl", hash = "sha256:7eaceeec75e1dbdce40b81fb0ed1ffdb7ce492d970db7f8aabd6a95ccd6c3dd3"},
    {file = "backports_zstd-1.7.0-pp310-pypy310_pp73-macosx_10_15_x86_64.whl", hash = "sha256:8d59b145d379745c4461adbe9a9afc647f90ca164f50ea2566c08d6601531d1c"},
    {file = "backports_zstd-1.7.0-pp310-pypy310_pp73-macosx_11_0_arm64.whl", hash = "sha256:d3c3cda113aacabe7fd0594ad2832b7023a5fee84009406fe4d230906d80fb25"},
    {file = "backports_zstd-1.7.0-pp310-pypy310_pp73-manylinux2010_i686.manylinux_2_12_i686.manylinux_2_28_i686.whl", hash = "sha256:f8da4758af21788a9a90f56b7f658a35d33034e55d416fd40e8bcfbb347b90c2"},
    {file = "backports_zstd-1.7.0-pp310-pypy310_pp73-manylinux2014_aarch64.manylinux_2_17_aarch64.manylinux_2_28_aarch64.whl", hash = "sha256:e27916c92272ab4285d8d2e02eebe5f4198da10d82250b6edfa3ce372aff6f79"},
    {file = "backports_zstd-1.7.0-pp310-pypy310_pp73-manylinux2014_x86_64.manylinux_2_17_x86_64.manylinux_2_28_x86_64.whl", hash = "sha256:76e205599a60acc0824bf03522fb9ad25449492535e1efba18f047e2ce48e745"},
    {file = "backports_zstd-1.7.0-pp310-pypy310_pp73-win_amd64.whl", hash = "sha256:2feaefcca77c6ac97a46a64f9d41c429caa135a837c54b46398022716abd8184"},
    {file = "backports_zstd-1.7.0-pp311-pypy311_pp73-macosx_10_15_x86_64.whl", hash = "sha256:de58be0a3109cfb83b4e61e2b6eb770201cc132ee5a7c677cd8e0140ad2be80c"},
    {file = "backports_zstd-1.7.0-pp311-pypy311_pp73-macosx_11_0_arm64.whl", hash = "sha256:c13f73d0389cdc88b02c05e8175d8ad3030e9e70ee079748763166aa843b647d"},
    {file = "backports_zstd-1.7.0-pp311-pypy311_pp73-manylinux2010_i686.manylinux_2_12_i686.manylinux_2_28_i686.whl", hash = "sha256:a2e30ea49c673533d40eb73d0f7abc0ebe9d2e4fc6dbada5ad60b42ff98ffa86"},
    {file = "backports_zstd-1.7.0-pp311-pypy311_pp73-manylinux2014_aarch64.manylinux_2_17_aarch64.manylinux_2_28_aarch64.whl", hash = "sha256:3e3f760ee9d16378e3cde9d862e1c9ced577a86736763fb486b9f731d5116807"},
    {file = "backports_zstd-1.7.0-pp311-pypy311_pp73-manylinux2014_x86_64.manylinux_2_17_x86_64.manylinux_2_28_x86_64.whl", hash = "sha256:25caf23dc36de3b839d16c25893751323cf51a8c986f2d01478c16b25133e2e8"},
    {file = "backports_zstd-1.7.0-pp311-pypy311_pp73-win_amd64.whl", hash = "sha256:a64e796c7eee69dfe45827b2e003b7731785ec890c73ea5f5fbc30a1c362fcad"},
    {file = "backports_zstd-1.7.0.tar.gz", hash = "sha256:1a967189c1822b6e85a2e550fdfc88a3272c17633ea0a4732dac5911a8034f2b"},
]

[[package]]
name = "certifi"
version = "2026.7.22"
description = "Python package for providing Mozilla's CA Bundle."
optional = false
python-versions = ">=3.7"
groups = ["main"]
files = [
    {file = "certifi-2026.7.22-py3-none-any.whl", hash = "sha256:62f22742b58a1a33014a2b6b706588a8d7e2a88ae7bd1a6ebe8c992928483775"},
    {file = "certifi-2026.7.22.tar.gz", hash = "sha256:741e2c3b351ddf169a738da9f2c048608ff7f2c5cc02f1ebc6b118bb090d5d55"},
]

[[package]]
name = "clickhouse-connect"
version = "1.7.2"
description = "ClickHouse Database Core Driver for Python, Pandas, and Superset"
optional = false
python-versions = "<3.15,>=3.10"
groups = ["main"]
files = [
    {file = "clickhouse_connect-1.7.2-cp310-cp310-macosx_10_9_x86_64.whl", hash = "sha256:956879b365c2a2fbd800a6fccbf56f7b872011d5d6af1e2ef3ccac3268336e31"},
    {file = "clickhouse_connect-1.7.2-cp310-cp310-macosx_11_0_arm64.whl", hash = "sha256:02bf1b5ab73bd3150240129dfabbd7020dac8cd7b52397cbc73b5c1d4f2dc6ad"},
    {file = "clickhouse_connect-1.7.2-cp310-cp310-manylinux2014_aarch64.manylinux_2_17_aarch64.manylinux_2_28_aarch64.whl", hash = "sha256:54cca1e7d26c169c2eb46fabb08d5a7c7fe716e9bf3b966a17321953a2acc791"},
    {file = "clickhouse_connect-1.7.2-cp310-cp310-manylinux2014_x86_64.manylinux_2_17_x86_64.manylinux_2_28_x86_64.whl", hash = "sha256:c50418f3b9d2e8ffd431dde28c7aa173dd9ee79aa5b60d8d44a8068ba1e6a33d"},
    {file = "clickhouse_connect-1.7.2-cp310-cp310-musllinux_1_2_aarch64.whl", hash = "sha256:a513627472579f421a29e8be982d8bc38168ae5db9d107c6bd5e575d864019a3"},
    {file = "clickhouse_connect-1.7.2-cp310-cp310-musllinux_1_2_x86_64.whl", hash = "sha256:26cbf60cddbb462babc5e31c9dfea22f9f8b838d8662c2f1ee01b9bc8bd5f743"},
    {file = "clickhouse_connect-1.7.2-cp310-cp310-win32.whl", hash = "sha256:456d8ee1b52d22b57fcda8feeef0b86875e1f39fe1bdeaf380155c601733e927"},
    {file = "clickhouse_connect-1.7.2-cp310-cp310-win_amd64.whl", hash = "sha256:5fb5b8bd027b112c67393a8700518b5bd1b4a45a072732600444aff166bef6f3"},
    {file = "clickhouse_connect-1.7.2-cp310-cp310-win_arm64.whl", hash = "sha256:4735abd4f3aa8e329c32760dc5b409110a2749b8709b869c2be96d477af7142c"},
    {file = "clickhouse_connect-1.7.2-cp311-cp311-macosx_10_9_x86_64.whl", hash = "sha256:256a8352e0dc61deb8737cdaeac057e3474bd4d82c027d1d00325f843408f9cc"},
    {file = "clickhouse_connect-1.7.2-cp311-cp311-macosx_11_0_arm64.whl", hash = "sha256:8959f8c9629494ec7e63cd297f24491d602d15e9838514a3e988c038eafca5ac"},
    {file = "clickhouse_connect-1.7.2-cp311-cp311-manylinux2014_aarch64.manylinux_2_17_aarch64.manylinux_2_28_aarch64.whl", hash = "sha256:a7fad45ddf3945d06e8ce8062562ce5a4e7f83eec14be26fb704b8c84fa2466f"},
    {file = "clickhouse_connect-1.7.2-cp311-cp311-manylinux2014_x86_64.manylinux_2_17_x86_64.manylinux_2_28_x86_64.whl", hash = "sha256:875f689e572710cc24d6cc34be3e0f6e4ceaa337e4d1aaaa556f2e8b923a0ec6"},
    {file = "clickhouse_connect-1.7.2-cp311-cp311-musllinux_1_2_aarch64.whl", hash = "sha256:fab32e6376fad7cd6c021341b1ceb49d09a8a0c65b8d55aef028cc2faaa298ad"},
    {file = "clickhouse_connect-1.7.2-cp311-cp311-musllinux_1_2_x86_64.whl", hash = "sha256:7321db6e3517e228ecbee19a4bceb6a6220679ab3e0e49fc2af239108b7229ba"},
    {file = "clickhouse_connect-1.7.2-cp311-cp311-win32.whl", hash = "sha256:d2700b13c789ddc6b1241148260a0dea395d5444aa2b32f6a686f4956c93a324"},
    {file = "clickhouse_connect-1.7.2-cp311-cp311-win_amd64.whl", hash = "sha256:61dec365fc06c87f7b23e35761f4adc151be10d62dd71303533861dcef968a42"},
    {file = "clickhouse_connect-1.7.2-cp311-cp311-win_arm64.whl", hash = "sha256:ef0b77077394d6b12286c0b41506135ca2663ae91e30072114454bea257b59f8"},
    {file = "clickhouse_connect-1.7.2-cp312-cp312-macosx_10_13_x86_64.whl", hash = "sha256:3bad1e4253a64bdfd842f7d096590af6d3791230bd941ed2b329d7d0a30b530e"},
    {file = "clickhouse_connect-1.7.2-cp312-cp312-macosx_11_0_arm64.whl", hash = "sha256:000bae1acbf69be8249112e9213a81a66f04db93b75671fc419115ea879051ac"},
    {file = "clickhouse_connect-1.7.2-cp312-cp312-manylinux2014_aarch64.manylinux_2_17_aarch64.manylinux_2_28_aarch64.whl", hash = "sha256:be598f18e8d2d1565f7c870e053cef3f5b6d0a45f16bf3f5456bac622804bb65"},
    {file = "clickhouse_connect-1.7.2-cp312-cp312-manylinux2014_x86_64.manylinux_2_17_x86_64.manylinux_2_28_x86_64.whl", hash = "sha256:26728faddb7f881f064757d449f52b1d8f788b77d149d0dac6e036e6f1a3fcdb"},
    {file = "clickhouse_connect-1.7.2-cp312-cp312-musllinux_1_2_aarch64.whl", hash = "sha256:afcec295c8f1649b19dff087970f24f8673aee89382f323319a40085a366611e"},
    {file = "clickhouse_connect-1.7.2-cp312-cp312-musllinux_1_2_x86_64.whl", hash = "sha256:836c2e550d8fbb1f2b4e645e539366932e1ae66a1e32034394ed512326b6e9af"},
    {file = "clickhouse_connect-1.7.2-cp312-cp312-win32.whl", hash = "sha256:48a86ee12435452d00cb8339e340f0ca5c55ce76ff7d31a1c98a670e69744801"},
    {file = "clickhouse_connect-1.7.2-cp312-cp312-win_amd64.whl", hash = "sha256:e4f459ec259681fc958722ba66ccec398cc40d0b8bcbcc24566c3bc4a3ed636b"},
    {file = "clickhouse_connect-1.7.2-cp312-cp312-win_arm64.whl", hash = "sha256:7004792ef67e8fc6ce385bb42f9e420dd05702eba803d56b8b7557f1b18055de"},
    {file = "clickhouse_connect-1.7.2-cp313-cp313-macosx_10_13_x86_64.whl", hash = "sha256:2235f3f6b84afd494efc85abc77d04b35360395de8683456a99b55fddd2e0c67"},
    {file = "clickhouse_connect-1.7.2-cp313-cp313-macosx_11_0_arm64.whl", hash = "sha256:493b4623330235f1da7396715976f81ded8f778ab966c3274cf3e190b393af78"},
    {file = "clickhouse_connect-1.7.2-cp313-cp313-manylinux2014_aarch64.manylinux_2_17_aarch64.manylinux_2_28_aarch64.whl", hash = "sha256:07f35953fb55a816b32bb0e6509996979706fcdc3577837f5741fbb18aa1dd00"},
    {file = "clickhouse_connect-1.7.2-cp313-cp313-manylinux2014_x86_64.manylinux_2_17_x86_64.manylinux_2_28_x86_64.whl", hash = "sha256:d5bb5748e1dfc2adbd927bafe1305e040b87b668f7b5119482f8ec8bf4190c1d"},
    {file = "clickhouse_connect-1.7.2-cp313-cp313-musllinux_1_2_aarch64.whl", hash = "sha256:ca5f0a61b83c9e6b82e7fb4ff56dff9e9c11b48e39575d0bce46b388e8791195"},
    {file = "clickhouse_connect-1.7.2-cp313-cp313-musllinux_1_2_x86_64.whl", hash = "sha256:a5554004022b368daac2106f651811876dd35acc0ae5dda51fd2f30d9e66ce00"},
    {file = "clickhouse_connect-1.7.2-cp313-cp313-win32.whl", hash = "sha256:fe1aa1e90dcaa3db4f12f0e612746fb93f6edc32377cf2afa12af22dd7c33be8"},
    {file = "clickhouse_connect-1.7.2-cp313-cp313-win_amd64.whl", hash = "sha256:09e718e7ad2970b2de978f6da63320276b9a958a9a32f4b878e4dce09df169a9"},
    {file = "clickhouse_connect-1.7.2-cp313-cp313-win_arm64.whl", hash = "sha256:e270c55b6fb46e92abce1b0c3c27352b394cba077b8e2db53787b1de97e6ac62"},
    {file = "clickhouse_connect-1.7.2-cp314-cp314-macosx_10_15_x86_64.whl", hash = "sha256:10893d8d9b2c33c3d6babcb5c1df6332d59f4b988499875fd2fe7550719a90db"},
    {file = "clickhouse_connect-1.7.2-cp314-cp314-macosx_11_0_arm64.whl", hash = "sha256:834ff327484e1af3b3ad6cbb5fe876221032c422c1eed16c88418a33cec984ac"},
    {file = "clickhouse_connect-1.7.2-cp314-cp314-manylinux2014_aarch64.manylinux_2_17_aarch64.manylinux_2_28_aarch64.whl", hash = "sha256:30d2d70f69f0d0aa9e08e245cccc3c4f3b04965119b28ec35652ee18fd243f84"},
    {file = "clickhouse_connect-1.7.2-cp314-cp314-manylinux2014_x86_64.manylinux_2_17_x86_64.manylinux_2_28_x86_64.whl", hash = "sha256:61506cdb9a36da3b0f6dabb976c7b578056445077789eb367c7e64b464f59ca7"},
    {file = "clickhouse_connect-1.7.2-cp314-cp314-musllinux_1_2_aarch64.whl", hash = "sha256:c784e7b37406398a584895300d2195fd629964276af23f47882f6550479a8bfa"},
    {file = "clickhouse_connect-1.7.2-cp314-cp314-musllinux_1_2_x86_64.whl", hash = "sha256:b5a9559e8182c0b908261d66b5cdcf92108957d15759840222b33067d721664b"},
    {file = "clickhouse_connect-1.7.2-cp314-cp314-win32.whl", hash = "sha256:66a3bda055bf660281dad22e1f7a81866b8bfc84ece01f41a6cb907d6f9e4f49"},
    {file = "clickhouse_connect-1.7.2-cp314-cp314-win_amd64.whl", hash = "sha256:a5093bb882825334704da686c2ad7fb50712eacd76bf080aded4a230ed63635b"},
    {file = "clickhouse_connect-1.7.2-cp314-cp314-win_arm64.whl", hash = "sha256:c0cd870ec3f5cf44e615af542e6a62e0b4d227c508d89f6423dc3dbcdf6f4a53"},
    {file = "clickhouse_connect-1.7.2-cp314-cp314t-macosx_10_15_x86_64.whl", hash = "sha256:588d23b63fc86f5a7ed746f5c6a0e13ef2e2b263ee4d9dd59e86f24c9c0247f2"},
    {file = "clickhouse_connect-1.7.2-cp314-cp314t-macosx_11_0_arm64.whl", hash = "sha256:e6be512e3a9369ca989b3f9a00e5c49977954a9a503e69f0533cf970f96c0e3a"},
    {file = "clickhouse_connect-1.7.2-cp314-cp314t-manylinux2014_aarch64.manylinux_2_17_aarch64.manylinux_2_28_aarch64.whl", hash = "sha256:726a824e35dacff99862d6f0555d89377d84edf867d016ac8951aea2e031c6e8"},
    {file = "clickhouse_connect-1.7.2-cp314-cp314t-manylinux2014_x86_64.manylinux_2_17_x86_64.manylinux_2_28_x86_64.whl", hash = "sha256:386351c6c055ef03bb1891112ec9152b141fcba6ad70f5a40f7ac70e399aa77f"},
    {file = "clickhouse_connect-1.7.2-cp314-cp314t-musllinux_1_2_aarch64.whl", hash = "sha256:a1a1a6b6267157893a2a83ffcf32a45e98f2686404f9db43b6776cf651e122d5"},
    {file = "clickhouse_connect-1.7.2-cp314-cp314t-musllinux_1_2_x86_64.whl", hash = "sha256:eb88dab22c84053650b5c12b2f5d64cf0f0f6393de7cac2df428ecd6973186cd"},
    {file = "clickhouse_connect-1.7.2-cp314-cp314t-win32.whl", hash = "sha256:cff857370a7060ce0d9e5ec3f28629f2d5fad24e5f5bd0baeb68e50b10dda2fc"},
    {file = "clickhouse_connect-1.7.2-cp314-cp314t-win_amd64.whl", hash = "sha256:1ba16b26174b3ce85efead262b69b1b0762692d8c8f161a74645b56a4d0dad1a"},
    {file = "clickhouse_connect-1.7.2-cp314-cp314t-win_arm64.whl", hash = "sha256:8c116d6672e8bd76272250fda204b1d6ecc1a2f430ac1560271493e2af1ddd2b"},
    {file = "clickhouse_connect-1.7.2-pp310-pypy310_pp73-macosx_10_15_x86_64.whl", hash = "sha256:20887c192caad66cc5266453faf3d66f9835801e118f6e3dd4a052608e5a8797"},
    {file = "clickhouse_connect-1.7.2-pp310-pypy310_pp73-macosx_11_0_arm64.whl", hash = "sha256:c838dae9e96cc8b27332d3cf1a42702475039f1871929d141641e4e5f1f772e0"},
    {file = "clickhouse_connect-1.7.2-pp310-pypy310_pp73-manylinux2014_aarch64.manylinux_2_17_aarch64.manylinux_2_28_aarch64.whl", hash = "sha256:1404a80b50214e73588269fcb03286098daa5973f6769722906f830e165ffe46"},
    {file = "clickhouse_connect-1.7.2-pp310-pypy310_pp73-manylinux2014_x86_64.manylinux_2_17_x86_64.manylinux_2_28_x86_64.whl", hash = "sha256:2f82a9676908e3bf3cd576a9683407401e5d37b0b8d3b7dca4794daa96397e88"},
    {file = "clickhouse_connect-1.7.2-pp310-pypy310_pp73-win_amd64.whl", hash = "sha256:41633c848fa62b7b1e8490659aee501df0ad939903fd8a62d150c680776dbb5e"},
    {file = "clickhouse_connect-1.7.2.tar.gz", hash = "sha256:5455cba40dc1972b3b1f3feb0216099630eb631975ee4ef70bcf1d949944437b"},
]

[package.dependencies]
"backports.zstd" = {version = ">=1.3.0", markers = "python_version < \"3.14\""}
certifi = "*"
lz4 = [
    {version = "*", markers = "python_version < \"3.14\""},
    {version = ">=4.4.5", markers = "python_version >= \"3.14\""},
]
tzdata = {version = "*", markers = "sys_platform == \"win32\""}
urllib3 = ">=1.26"

[package.extras]
alembic = ["alembic (>=1.16)", "sqlalchemy (>=1.4.40,<3.0)"]
arrow = ["pyarrow (>=22.0) ; python_version >= \"3.14\"", "pyarrow ; python_version < \"3.14\""]
async = ["aiohttp (>=3.9.0)"]
chdb = ["chdb (>=4.1.7)"]
numpy = ["numpy"]
orjson = ["orjson"]
pandas = ["pandas (>=2,<4)"]
polars = ["polars (>=1.0)"]
sqlalchemy = ["sqlalchemy (>=1.4.40,<3.0)"]
tzdata = ["tzdata"]
tzlocal = ["tzlocal (>=4.0)"]

[[package]]
name = "lz4"
version = "4.4.5"
description = "LZ4 Bindings for Python"
optional = false
python-versions = ">=3.9"
groups = ["main"]
files = [
    {file = "lz4-4.4.5-cp310-cp310-macosx_10_9_x86_64.whl", hash = "sha256:d221fa421b389ab2345640a508db57da36947a437dfe31aeddb8d5c7b646c22d"},
    {file = "lz4-4.4.5-cp310-cp310-macosx_11_0_arm64.whl", hash = "sha256:7dc1e1e2dbd872f8fae529acd5e4839efd0b141eaa8ae7ce835a9fe80fbad89f"},
    {file = "lz4-4.4.5-cp310-cp310-manylinux1_i686.manylinux_2_28_i686.manylinux_2_5_i686.whl", hash = "sha256:e928ec2d84dc8d13285b4a9288fd6246c5cde4f5f935b479f50d986911f085e3"},
    {file = "lz4-4.4.5-cp310-cp310-manylinux2014_aarch64.manylinux_2_17_aarch64.manylinux_2_28_aarch64.whl", hash = "sha256:daffa4807ef54b927451208f5f85750c545a4abbff03d740835fc444cd97f758"},
    {file = "lz4-4.4.5-cp310-cp310-manylinux2014_x86_64.manylinux_2_17_x86_64.manylinux_2_28_x86_64.whl", hash = "sha256:2a2b7504d2dffed3fd19d4085fe1cc30cf221263fd01030819bdd8d2bb101cf1"},
    {file = "lz4-4.4.5-cp310-cp310-win32.whl", hash = "sha256:0846e6e78f374156ccf21c631de80967e03cc3c01c373c665789dc0c5431e7fc"},
    {file = "lz4-4.4.5-cp310-cp310-win_amd64.whl", hash = "sha256:7c4e7c44b6a31de77d4dc9772b7d2561937c9588a734681f70ec547cfbc51ecd"},
    {file = "lz4-4.4.5-cp310-cp310-win_arm64.whl", hash = "sha256:15551280f5656d2206b9b43262799c89b25a25460416ec554075a8dc568e4397"},
    {file = "lz4-4.4.5-cp311-cp311-macosx_10_9_x86_64.whl", hash = "sha256:d6da84a26b3aa5da13a62e4b89ab36a396e9327de8cd48b436a3467077f8ccd4"},
    {file = "lz4-4.4.5-cp311-cp311-macosx_11_0_arm64.whl", hash = "sha256:61d0ee03e6c616f4a8b69987d03d514e8896c8b1b7cc7598ad029e5c6aedfd43"},
    {file = "lz4-4.4.5-cp311-cp311-manylinux1_i686.manylinux_2_28_i686.manylinux_2_5_i686.whl", hash = "sha256:33dd86cea8375d8e5dd001e41f321d0a4b1eb7985f39be1b6a4f466cd480b8a7"},
    {file = "lz4-4.4.5-cp311-cp311-manylinux2014_aarch64.manylinux_2_17_aarch64.manylinux_2_28_aarch64.whl", hash = "sha256:609a69c68e7cfcfa9d894dc06be13f2e00761485b62df4e2472f1b66f7b405fb"},
    {file = "lz4-4.4.5-cp311-cp311-manylinux2014_x86_64.manylinux_2_17_x86_64.manylinux_2_28_x86_64.whl", hash = "sha256:75419bb1a559af00250b8f1360d508444e80ed4b26d9d40ec5b09fe7875cb989"},
    {file = "lz4-4.4.5-cp311-cp311-win32.whl", hash = "sha256:12233624f1bc2cebc414f9efb3113a03e89acce3ab6f72035577bc61b270d24d"},
    {file = "lz4-4.4.5-cp311-cp311-win_amd64.whl", hash = "sha256:8a842ead8ca7c0ee2f396ca5d878c4c40439a527ebad2b996b0444f0074ed004"},
    {file = "lz4-4.4.5-cp311-cp311-win_arm64.whl", hash = "sha256:83bc23ef65b6ae44f3287c38cbf82c269e2e96a26e560aa551735883388dcc4b"},
    {file = "lz4-4.4.5-cp312-cp312-macosx_10_13_x86_64.whl", hash = "sha256:df5aa4cead2044bab83e0ebae56e0944cc7fcc1505c7787e9e1057d6d549897e"},
    {file = "lz4-4.4.5-cp312-cp312-macosx_11_0_arm64.whl", hash = "sha256:6d0bf51e7745484d2092b3a51ae6eb58c3bd3ce0300cf2b2c14f76c536d5697a"},
    {file = "lz4-4.4.5-cp312-cp312-manylinux1_i686.manylinux_2_28_i686.manylinux_2_5_i686.whl", hash = "sha256:7b62f94b523c251cf32aa4ab555f14d39bd1a9df385b72443fd76d7c7fb051f5"},
    {file = "lz4-4.4.5-cp312-cp312-manylinux2014_aarch64.manylinux_2_17_aarch64.manylinux_2_28_aarch64.whl", hash = "sha256:2c3ea562c3af274264444819ae9b14dbbf1ab070aff214a05e97db6896c7597e"},
    {file = "lz4-4.4.5-cp312-cp312-manylinux2014_x86_64.manylinux_2_17_x86_64.manylinux_2_28_x86_64.whl", hash = "sha256:24092635f47538b392c4eaeff14c7270d2c8e806bf4be2a6446a378591c5e69e"},
    {file = "lz4-4.4.5-cp312-cp312-win32.whl", hash = "sha256:214e37cfe270948ea7eb777229e211c601a3e0875541c1035ab408fbceaddf50"},
    {file = "lz4-4.4.5-cp312-cp312-win_amd64.whl", hash = "sha256:713a777de88a73425cf08eb11f742cd2c98628e79a8673d6a52e3c5f0c116f33"},
    {file = "lz4-4.4.5-cp312-cp312-win_arm64.whl", hash = "sha256:a88cbb729cc333334ccfb52f070463c21560fca63afcf636a9f160a55fac3301"},
    {file = "lz4-4.4.5-cp313-cp313-macosx_10_13_x86_64.whl", hash = "sha256:6bb05416444fafea170b07181bc70640975ecc2a8c92b3b658c554119519716c"},
    {file = "lz4-4.4.5-cp313-cp313-macosx_11_0_arm64.whl", hash = "sha256:b424df1076e40d4e884cfcc4c77d815368b7fb9ebcd7e634f937725cd9a8a72a"},
    {file = "lz4-4.4.5-cp313-cp313-manylinux1_i686.manylinux_2_28_i686.manylinux_2_5_i686.whl", hash = "sha256:216ca0c6c90719731c64f41cfbd6f27a736d7e50a10b70fad2a9c9b262ec923d"},
    {file = "lz4-4.4.5-cp313-cp313-manylinux2014_aarch64.manylinux_2_17_aarch64.manylinux_2_28_aarch64.whl", hash = "sha256:533298d208b58b651662dd972f52d807d48915176e5b032fb4f8c3b6f5fe535c"},
    {file = "lz4-4.4.5-cp313-cp313-manylinux2014_x86_64.manylinux_2_17_x86_64.manylinux_2_28_x86_64.whl", hash = "sha256:451039b609b9a88a934800b5fc6ee401c89ad9c175abf2f4d9f8b2e4ef1afc64"},
    {file = "lz4-4.4.5-cp313-cp313-win32.whl", hash = "sha256:a5f197ffa6fc0e93207b0af71b302e0a2f6f29982e5de0fbda61606dd3a55832"},
    {file = "lz4-4.4.5-cp313-cp313-win_amd64.whl", hash = "sha256:da68497f78953017deb20edff0dba95641cc86e7423dfadf7c0264e1ac60dc22"},
    {file = "lz4-4.4.5-cp313-cp313-win_arm64.whl", hash = "sha256:c1cfa663468a189dab510ab231aad030970593f997746d7a324d40104db0d0a9"},
    {file = "lz4-4.4.5-cp313-cp313t-macosx_10_13_x86_64.whl", hash = "sha256:67531da3b62f49c939e09d56492baf397175ff39926d0bd5bd2d191ac2bff95f"},
    {file = "lz4-4.4.5-cp313-cp313t-macosx_11_0_arm64.whl", hash = "sha256:a1acbbba9edbcbb982bc2cac5e7108f0f553aebac1040fbec67a011a45afa1ba"},
    {file = "lz4-4.4.5-cp313-cp313t-manylinux1_i686.manylinux_2_28_i686.manylinux_2_5_i686.whl", hash = "sha256:a482eecc0b7829c89b498fda883dbd50e98153a116de612ee7c111c8bcf82d1d"},
    {file = "lz4-4.4.5-cp313-cp313t-manylinux2014_aarch64.manylinux_2_17_aarch64.manylinux_2_28_aarch64.whl", hash = "sha256:e099ddfaa88f59dd8d36c8a3c66bd982b4984edf127eb18e30bb49bdba68ce67"},
    {file = "lz4-4.4.5-cp313-cp313t-manylinux2014_x86_64.manylinux_2_17_x86_64.manylinux_2_28_x86_64.whl", hash = "sha256:a2af2897333b421360fdcce895c6f6281dc3fab018d19d341cf64d043fc8d90d"},
    {file = "lz4-4.4.5-cp313-cp313t-win32.whl", hash = "sha256:66c5de72bf4988e1b284ebdd6524c4bead2c507a2d7f172201572bac6f593901"},
    {file = "lz4-4.4.5-cp313-cp313t-win_amd64.whl", hash = "sha256:cdd4bdcbaf35056086d910d219106f6a04e1ab0daa40ec0eeef1626c27d0fddb"},
    {file = "lz4-4.4.5-cp313-cp313t-win_arm64.whl", hash = "sha256:28ccaeb7c5222454cd5f60fcd152564205bcb801bd80e125949d2dfbadc76bbd"},
    {file = "lz4-4.4.5-cp314-cp314-macosx_10_15_x86_64.whl", hash = "sha256:c216b6d5275fc060c6280936bb3bb0e0be6126afb08abccde27eed23dead135f"},
    {file = "lz4-4.4.5-cp314-cp314-macosx_11_0_arm64.whl", hash = "sha256:c8e71b14938082ebaf78144f3b3917ac715f72d14c076f384a4c062df96f9df6"},
    {file = "lz4-4.4.5-cp314-cp314-manylinux1_i686.manylinux_2_28_i686.manylinux_2_5_i686.whl", hash = "sha256:9b5e6abca8df9f9bdc5c3085f33ff32cdc86ed04c65e0355506d46a5ac19b6e9"},
    {file = "lz4-4.4.5-cp314-cp314-manylinux2014_aarch64.manylinux_2_17_aarch64.manylinux_2_28_aarch64.whl", hash = "sha256:3b84a42da86e8ad8537aabef062e7f661f4a877d1c74d65606c49d835d36d668"},
    {file = "lz4-4.4.5-cp314-cp314-manylinux2014_x86_64.manylinux_2_17_x86_64.manylinux_2_28_x86_64.whl", hash = "sha256:0bba042ec5a61fa77c7e380351a61cb768277801240249841defd2ff0a10742f"},
    {file = "lz4-4.4.5-cp314-cp314-win32.whl", hash = "sha256:bd85d118316b53ed73956435bee1997bd06cc66dd2fa74073e3b1322bd520a67"},
    {file = "lz4-4.4.5-cp314-cp314-win_amd64.whl", hash = "sha256:92159782a4502858a21e0079d77cdcaade23e8a5d252ddf46b0652604300d7be"},
    {file = "lz4-4.4.5-cp314-cp314-win_arm64.whl", hash = "sha256:d994b87abaa7a88ceb7a37c90f547b8284ff9da694e6afcfaa8568d739faf3f7"},
    {file = "lz4-4.4.5-cp39-cp39-macosx_10_9_x86_64.whl", hash = "sha256:f6538aaaedd091d6e5abdaa19b99e6e82697d67518f114721b5248709b639fad"},
    {file = "lz4-4.4.5-cp39-cp39-macosx_11_0_arm64.whl", hash = "sha256:13254bd78fef50105872989a2dc3418ff09aefc7d0765528adc21646a7288294"},
    {file = "lz4-4.4.5-cp39-cp39-manylinux1_i686.manylinux_2_28_i686.manylinux_2_5_i686.whl", hash = "sha256:e64e61f29cf95afb43549063d8433b46352baf0c8a70aa45e2585618fcf59d86"},
    {file = "lz4-4.4.5-cp39-cp39-manylinux2014_aarch64.manylinux_2_17_aarch64.manylinux_2_28_aarch64.whl", hash = "sha256:ff1b50aeeec64df5603f17984e4b5be6166058dcf8f1e26a3da40d7a0f6ab547"},
    {file = "lz4-4.4.5-cp39-cp39-manylinux2014_x86_64.manylinux_2_17_x86_64.manylinux_2_28_x86_64.whl", hash = "sha256:1dd4d91d25937c2441b9fc0f4af01704a2d09f30a38c5798bc1d1b5a15ec9581"},
    {file = "lz4-4.4.5-cp39-cp39-win32.whl", hash = "sha256:d64141085864918392c3159cdad15b102a620a67975c786777874e1e90ef15ce"},
    {file = "lz4-4.4.5-cp39-cp39-win_amd64.whl", hash = "sha256:f32b9e65d70f3684532358255dc053f143835c5f5991e28a5ac4c93ce94b9ea7"},
    {file = "lz4-4.4.5-cp39-cp39-win_arm64.whl", hash = "sha256:f9b8bde9909a010c75b3aea58ec3910393b758f3c219beed67063693df854db0"},
    {file = "lz4-4.4.5.tar.gz", hash = "sha256:5f0b9e53c1e82e88c10d7c180069363980136b9d7a8306c4dca4f760d60c39f0"},
]

[package.extras]
docs = ["sphinx (>=1.6.0)", "sphinx_bootstrap_theme"]
flake8 = ["flake8"]
tests = ["psutil", "pytest (!=3.3.0)", "pytest-cov"]

[[package]]
name = "tzdata"
version = "2026.3"
description = "Provider of IANA time zone data"
optional = false
python-versions = ">=2"
groups = ["main"]
markers = "sys_platform == \"win32\""
files = [
    {file = "tzdata-2026.3-py2.py3-none-any.whl", hash = "sha256:dc096730c87af6cab1b171c9d532be840741ff5d459015e7f6947bd7d7e54931"},
    {file = "tzdata-2026.3.tar.gz", hash = "sha256:4a1518b8993086a7982523e071643f3c0e5f213e75b21318e78bcabfff9d1415"},
]

[[package]]
name = "urllib3"
version = "2.7.0"
description = "HTTP library with thread-safe connection pooling, file post, and more."
optional = false
python-versions = ">=3.10"
groups = ["main"]
files = [
    {file = "urllib3-2.7.0-py3-none-any.whl", hash = "sha256:9fb4c81ebbb1ce9531cce37674bbc6f1360472bc18ca9a553ede278ef7276897"},
    {file = "urllib3-2.7.0.tar.gz", hash = "sha256:231e0ec3b63ceb14667c67be60f2f2c40a518cb38b03af60abc813da26505f4c"},
]

[package.extras]
brotli = ["brotli (>=1.2.0) ; platform_python_implementation == \"CPython\"", "brotlicffi (>=1.2.0.0) ; platform_python_implementation != \"CPython\""]
h2 = ["h2 (>=4,<5)"]
socks = ["pysocks (>=1.5.6,!=1.5.7,<2.0)"]
zstd = ["backports-zstd (>=1.0.0) ; python_version < \"3.14\""]

[metadata]
lock-version = "2.1"
python-versions = ">=3.10, <3.15"
content-hash = "a8a6644790a8ef0a01b6ffca1059ddb6eb50189e295f3ee8457e36611af679c6"
